
Microsoft Visual Studio Solution File, Format Version 12.00
Project("{2150E333-8FDC-42A3-9474-1A3956D46DE8}") = "src", "src", "{356ED303-E5A3-46F7-8823-A447F77E825B}"
EndProject
Project("{FAE04EC0-301F-11D3-BF4B-00C04F79EFBC}") = "SimpleEmailApp.Api", "src\SimpleEmailApp.Api\SimpleEmailApp.Api.csproj", "{551526F4-C3BC-474D-BA06-3875BA916A6E}"
EndProject
Global
	GlobalSection(SolutionConfigurationPlatforms) = preSolution
		Debug|Any CPU = Debug|Any CPU
		Release|Any CPU = Release|Any CPU
	EndGlobalSection
	GlobalSection(NestedProjects) = preSolution
		{551526F4-C3BC-474D-BA06-3875BA916A6E} = {356ED303-E5A3-46F7-8823-A447F77E825B}
	EndGlobalSection
	GlobalSection(ProjectConfigurationPlatforms) = postSolution
		{551526F4-C3BC-474D-BA06-3875BA916A6E}.Debug|Any CPU.ActiveCfg = Debug|Any CPU
		{551526F4-C3BC-474D-BA06-3875BA916A6E}.Debug|Any CPU.Build.0 = Debug|Any CPU
		{551526F4-C3BC-474D-BA06-3875BA916A6E}.Release|Any CPU.ActiveCfg = Release|Any CPU
		{551526F4-C3BC-474D-BA06-3875BA916A6E}.Release|Any CPU.Build.0 = Release|Any CPU
	EndGlobalSection
EndGlobal
